
Microsoft Visual Studio Solution File, Format Version 12.00
# Visual Studio Version 17
VisualStudioVersion = 17.11.35327.3
MinimumVisualStudioVersion = 10.0.40219.1
Project("{FAE04EC0-301F-11D3-BF4B-00C04F79EFBC}") = "AgroConnect", "AgroConnect\AgroConnect.csproj", "{00B2FCAE-9A31-4DB9-8360-4956F595AF4B}"
EndProject
Global
	GlobalSection(SolutionConfigurationPlatforms) = preSolution
		Debug|Any CPU = Debug|Any CPU
		Release|Any CPU = Release|Any CPU
	EndGlobalSection
	GlobalSection(ProjectConfigurationPlatforms) = postSolution
		{00B2FCAE-9A31-4DB9-8360-4956F595AF4B}.Debug|Any CPU.ActiveCfg = Debug|Any CPU
		{00B2FCAE-9A31-4DB9-8360-4956F595AF4B}.Debug|Any CPU.Build.0 = Debug|Any CPU
		{00B2FCAE-9A31-4DB9-8360-4956F595AF4B}.Release|Any CPU.ActiveCfg = Release|Any CPU
		{00B2FCAE-9A31-4DB9-8360-4956F595AF4B}.Release|Any CPU.Build.0 = Release|Any CPU
	EndGlobalSection
	GlobalSection(SolutionProperties) = preSolution
		HideSolutionNode = FALSE
	EndGlobalSection
	GlobalSection(ExtensibilityGlobals) = postSolution
		SolutionGuid = {94DA321C-B719-4AF3-87F9-B6B9C6655314}
	EndGlobalSection
EndGlobal
